{
  "nodes": {
    "cache": {
      "inputs": {
        "cache": [
          "cache"
        ],
        "nixpkgs": [
          "nixpkgs"
        ]
      },
      "locked": {
        "lastModified": 1748320728,
        "narHash": "sha256-n2CYXLpHDvBxI5bkpCZ3T4US6XJEHzn5QZF/aGHtCPI=",
        "owner": "tomberek",
        "repo": "empty",
        "rev": "82c97e4ac5863ddf8a47180bf1419339cac80de8",
        "type": "github"
      },
      "original": {
        "owner": "tomberek",
        "ref": "tomberek.more_inputs",
        "repo": "empty",
        "type": "github"
      }
    },
    "nixpkgs": {
      "locked": {
        "lastModified": 1748190013,
        "narHash": "sha256-R5HJFflOfsP5FBtk+zE8FpL8uqE7n62jqOsADvVshhE=",
        "owner": "nixos",
        "repo": "nixpkgs",
        "rev": "62b852f6c6742134ade1abdd2a21685fd617a291",
        "type": "github"
      },
      "original": {
        "owner": "nixos",
        "ref": "nixos-unstable",
        "repo": "nixpkgs",
        "type": "github"
      }
    },
    "root": {
      "inputs": {
        "cache": "cache",
        "nixpkgs": "nixpkgs"
      }
    }
  },
  "root": "root",
  "version": 7
}
