{
  "nodes": {
    "cache": {
      "locked": {
        "lastModified": 1747900736,
        "narHash": "sha256-92DUzTuAGc2l+s5TVDYiYPj6EHheipa+Ma5PqrMFAC8=",
        "owner": "tomberek",
        "repo": "empty",
        "rev": "df5492251f442fd575e01bd3bb506c2c9cd6b746",
        "type": "github"
      },
      "original": {
        "owner": "tomberek",
        "repo": "empty",
        "type": "github"
      }
    },
    "nixpkgs": {
      "locked": {
        "lastModified": 1746328495,
        "narHash": "sha256-uKCfuDs7ZM3QpCE/jnfubTg459CnKnJG/LwqEVEdEiw=",
        "owner": "nixos",
        "repo": "nixpkgs",
        "rev": "979daf34c8cacebcd917d540070b52a3c2b9b16e",
        "type": "github"
      },
      "original": {
        "owner": "nixos",
        "ref": "nixos-unstable",
        "repo": "nixpkgs",
        "type": "github"
      }
    },
    "root": {
      "inputs": {
        "cache": "cache",
        "nixpkgs": "nixpkgs"
      }
    }
  },
  "root": "root",
  "version": 7
}
